<?xml version="1.0" encoding="utf-8"?>
<Project ToolsVersion="4.0" xmlns="http://schemas.microsoft.com/developer/msbuild/2003">
  <ItemGroup>
    <Filter Include="Common">
      <UniqueIdentifier>{c7416181-212b-4553-8292-b3875cf6f714}</UniqueIdentifier>
    </Filter>
    <Filter Include="Assets">
      <UniqueIdentifier>{6e2c9973-92cf-4661-92e9-c7984d1af3fc}</UniqueIdentifier>
      <Extensions>bmp;fbx;gif;jpg;jpeg;tga;tiff;tif;png</Extensions>
    </Filter>
    <Filter Include="DataModel">
      <UniqueIdentifier>{acf29777-5bb0-421e-a67d-46fa05a23f13}</UniqueIdentifier>
    </Filter>
    <Filter Include="Strings">
      <UniqueIdentifier>{43ff63c7-30f0-4c10-98aa-3a41f1ec52c7}</UniqueIdentifier>
    </Filter>
    <Filter Include="Strings\fr-FR">
      <UniqueIdentifier>{bc01ab78-33a9-4deb-a6be-78b86bd761d7}</UniqueIdentifier>
    </Filter>
    <Image Include="Assets\Logo.scale-240.png">
      <Filter>Assets</Filter>
    </Image>
    <Image Include="Assets\SmallLogo.scale-240.png">
      <Filter>Assets</Filter>
    </Image>
    <Image Include="Assets\SplashScreen.scale-240.png">
      <Filter>Assets</Filter>
    </Image>
    <Image Include="Assets\Square71x71Logo.scale-240.png">
      <Filter>Assets</Filter>
    </Image>
    <Image Include="Assets\StoreLogo.scale-240.png">
      <Filter>Assets</Filter>
    </Image>
    <Image Include="Assets\WideLogo.scale-240.png">
      <Filter>Assets</Filter>
    </Image>
    <None Include="Common\ReadMe.txt">
      <Filter>Common</Filter>
    </None>
    <ClCompile Include="Common\NavigationHelper.cpp">
      <Filter>Common</Filter>
    </ClCompile>
    <ClCompile Include="Common\RelayCommand.cpp">
      <Filter>Common</Filter>
    </ClCompile>
    <ClCompile Include="Common\SuspensionManager.cpp">
      <Filter>Common</Filter>
    </ClCompile>
    <ClInclude Include="Common\NavigationHelper.h">
      <Filter>Common</Filter>
    </ClInclude>
    <ClInclude Include="Common\RelayCommand.h">
      <Filter>Common</Filter>
    </ClInclude>
    <ClInclude Include="Common\SuspensionManager.h">
      <Filter>Common</Filter>
    </ClInclude>
    <ClCompile Include="DataModel\SampleDataSource.cpp">
      <Filter>DataModel</Filter>
    </ClCompile>
    <ClInclude Include="DataModel\SampleDataSource.h">
      <Filter>DataModel</Filter>
    </ClInclude>
    <Text Include="DataModel\SampleData.json">
      <Filter>DataModel</Filter>
    </Text>
    <PRIResource Include="Strings\fr-FR\Resources.resw">
      <Filter>Strings\fr-FR</Filter>
    </PRIResource>
  </ItemGroup>
</Project>